// !$*UTF8*$!
{
	archiveVersion = 1;
	classes = {
	};
	objectVersion = 46;
	objects = {

/* Begin PBXBuildFile section */
		7F0666151E37BAAD003167AC /* LaunchScreen.storyboard in Resources */ = {isa = PBXBuildFile; fileRef = 7F0666131E37BAAD003167AC /* LaunchScreen.storyboard */; };
		7F0666201E37BAAD003167AC /* FlokkTests.swift in Sources */ = {isa = PBXBuildFile; fileRef = 7F06661F1E37BAAD003167AC /* FlokkTests.swift */; };
		7F06662B1E37BAAD003167AC /* FlokkUITests.swift in Sources */ = {isa = PBXBuildFile; fileRef = 7F06662A1E37BAAD003167AC /* FlokkUITests.swift */; };
		7F0666481E37BC00003167AC /* AppDelegate.swift in Sources */ = {isa = PBXBuildFile; fileRef = 7F0666391E37BC00003167AC /* AppDelegate.swift */; };
		7F06664A1E37BC00003167AC /* TestViewViewController.swift in Sources */ = {isa = PBXBuildFile; fileRef = 7F06663B1E37BC00003167AC /* TestViewViewController.swift */; };
		7F06664B1E37BC00003167AC /* LoginViewController.swift in Sources */ = {isa = PBXBuildFile; fileRef = 7F06663C1E37BC00003167AC /* LoginViewController.swift */; };
		7F06664C1E37BC00003167AC /* SignUpViewController.swift in Sources */ = {isa = PBXBuildFile; fileRef = 7F06663D1E37BC00003167AC /* SignUpViewController.swift */; };
		7F06664D1E37BC00003167AC /* GroupProfileViewController.swift in Sources */ = {isa = PBXBuildFile; fileRef = 7F06663E1E37BC00003167AC /* GroupProfileViewController.swift */; };
		7F06664E1E37BC00003167AC /* FeedViewController.swift in Sources */ = {isa = PBXBuildFile; fileRef = 7F06663F1E37BC00003167AC /* FeedViewController.swift */; };
		7F06664F1E37BC00003167AC /* CreateGroupViewController.swift in Sources */ = {isa = PBXBuildFile; fileRef = 7F0666401E37BC00003167AC /* CreateGroupViewController.swift */; };
		7F0666501E37BC00003167AC /* GroupSettingsViewController.swift in Sources */ = {isa = PBXBuildFile; fileRef = 7F0666411E37BC00003167AC /* GroupSettingsViewController.swift */; };
		7F0666511E37BC00003167AC /* GroupsViewController.swift in Sources */ = {isa = PBXBuildFile; fileRef = 7F0666421E37BC00003167AC /* GroupsViewController.swift */; };
		7F0666521E37BC00003167AC /* ProfileViewController.swift in Sources */ = {isa = PBXBuildFile; fileRef = 7F0666431E37BC00003167AC /* ProfileViewController.swift */; };
		7F0666531E37BC00003167AC /* PasswordRecoveryViewController.swift in Sources */ = {isa = PBXBuildFile; fileRef = 7F0666441E37BC00003167AC /* PasswordRecoveryViewController.swift */; };
		7F0666541E37BC00003167AC /* ProfileSettingsViewController.swift in Sources */ = {isa = PBXBuildFile; fileRef = 7F0666451E37BC00003167AC /* ProfileSettingsViewController.swift */; };
		7F0666551E37BC00003167AC /* Main.storyboard in Resources */ = {isa = PBXBuildFile; fileRef = 7F0666461E37BC00003167AC /* Main.storyboard */; };
		7F0666561E37BC00003167AC /* Assets.xcassets in Resources */ = {isa = PBXBuildFile; fileRef = 7F0666471E37BC00003167AC /* Assets.xcassets */; };
		AD3B25371E3BE5E2006B92AC /* Group.swift in Sources */ = {isa = PBXBuildFile; fileRef = AD3B25361E3BE5E2006B92AC /* Group.swift */; };
		ADC7B3C11E43CA8900F9ADFC /* FeedNavigationViewController.swift in Sources */ = {isa = PBXBuildFile; fileRef = ADC7B3C01E43CA8900F9ADFC /* FeedNavigationViewController.swift */; };
		ADCF80CF1E451B9900047FE0 /* User.swift in Sources */ = {isa = PBXBuildFile; fileRef = ADCF80CE1E451B9900047FE0 /* User.swift */; };
		ADCF80D11E451EFE00047FE0 /* Post.swift in Sources */ = {isa = PBXBuildFile; fileRef = ADCF80D01E451EFE00047FE0 /* Post.swift */; };
/* End PBXBuildFile section */

/* Begin PBXContainerItemProxy section */
		7F06661C1E37BAAD003167AC /* PBXContainerItemProxy */ = {
			isa = PBXContainerItemProxy;
			containerPortal = 7F0665FF1E37BAAD003167AC /* Project object */;
			proxyType = 1;
			remoteGlobalIDString = 7F0666061E37BAAD003167AC;
			remoteInfo = Flokk;
		};
		7F0666271E37BAAD003167AC /* PBXContainerItemProxy */ = {
			isa = PBXContainerItemProxy;
			containerPortal = 7F0665FF1E37BAAD003167AC /* Project object */;
			proxyType = 1;
			remoteGlobalIDString = 7F0666061E37BAAD003167AC;
			remoteInfo = Flokk;
		};
/* End PBXContainerItemProxy section */

/* Begin PBXFileReference section */
		7F0666071E37BAAD003167AC /* Flokk.app */ = {isa = PBXFileReference; explicitFileType = wrapper.application; includeInIndex = 0; path = Flokk.app; sourceTree = BUILT_PRODUCTS_DIR; };
		7F0666141E37BAAD003167AC /* Base */ = {isa = PBXFileReference; lastKnownFileType = file.storyboard; name = Base; path = Base.lproj/LaunchScreen.storyboard; sourceTree = "<group>"; };
		7F0666161E37BAAD003167AC /* Info.plist */ = {isa = PBXFileReference; lastKnownFileType = text.plist.xml; path = Info.plist; sourceTree = "<group>"; };
		7F06661B1E37BAAD003167AC /* FlokkTests.xctest */ = {isa = PBXFileReference; explicitFileType = wrapper.cfbundle; includeInIndex = 0; path = FlokkTests.xctest; sourceTree = BUILT_PRODUCTS_DIR; };
		7F06661F1E37BAAD003167AC /* FlokkTests.swift */ = {isa = PBXFileReference; lastKnownFileType = sourcecode.swift; path = FlokkTests.swift; sourceTree = "<group>"; };
		7F0666211E37BAAD003167AC /* Info.plist */ = {isa = PBXFileReference; lastKnownFileType = text.plist.xml; path = Info.plist; sourceTree = "<group>"; };
		7F0666261E37BAAD003167AC /* FlokkUITests.xctest */ = {isa = PBXFileReference; explicitFileType = wrapper.cfbundle; includeInIndex = 0; path = FlokkUITests.xctest; sourceTree = BUILT_PRODUCTS_DIR; };
		7F06662A1E37BAAD003167AC /* FlokkUITests.swift */ = {isa = PBXFileReference; lastKnownFileType = sourcecode.swift; path = FlokkUITests.swift; sourceTree = "<group>"; };
		7F06662C1E37BAAD003167AC /* Info.plist */ = {isa = PBXFileReference; lastKnownFileType = text.plist.xml; path = Info.plist; sourceTree = "<group>"; };
		7F0666381E37BBFF003167AC /* Flokk-Bridging-Header.h */ = {isa = PBXFileReference; lastKnownFileType = sourcecode.c.h; path = "Flokk-Bridging-Header.h"; sourceTree = "<group>"; };
		7F0666391E37BC00003167AC /* AppDelegate.swift */ = {isa = PBXFileReference; fileEncoding = 4; lastKnownFileType = sourcecode.swift; name = AppDelegate.swift; path = ../AppDelegate.swift; sourceTree = "<group>"; };
		7F06663B1E37BC00003167AC /* TestViewViewController.swift */ = {isa = PBXFileReference; fileEncoding = 4; lastKnownFileType = sourcecode.swift; name = TestViewViewController.swift; path = ../TestViewViewController.swift; sourceTree = "<group>"; };
		7F06663C1E37BC00003167AC /* LoginViewController.swift */ = {isa = PBXFileReference; fileEncoding = 4; lastKnownFileType = sourcecode.swift; name = LoginViewController.swift; path = ../LoginViewController.swift; sourceTree = "<group>"; };
		7F06663D1E37BC00003167AC /* SignUpViewController.swift */ = {isa = PBXFileReference; fileEncoding = 4; lastKnownFileType = sourcecode.swift; name = SignUpViewController.swift; path = ../SignUpViewController.swift; sourceTree = "<group>"; };
		7F06663E1E37BC00003167AC /* GroupProfileViewController.swift */ = {isa = PBXFileReference; fileEncoding = 4; lastKnownFileType = sourcecode.swift; name = GroupProfileViewController.swift; path = ../GroupProfileViewController.swift; sourceTree = "<group>"; };
		7F06663F1E37BC00003167AC /* FeedViewController.swift */ = {isa = PBXFileReference; fileEncoding = 4; lastKnownFileType = sourcecode.swift; name = FeedViewController.swift; path = ../FeedViewController.swift; sourceTree = "<group>"; };
		7F0666401E37BC00003167AC /* CreateGroupViewController.swift */ = {isa = PBXFileReference; fileEncoding = 4; lastKnownFileType = sourcecode.swift; name = CreateGroupViewController.swift; path = ../CreateGroupViewController.swift; sourceTree = "<group>"; };
		7F0666411E37BC00003167AC /* GroupSettingsViewController.swift */ = {isa = PBXFileReference; fileEncoding = 4; lastKnownFileType = sourcecode.swift; name = GroupSettingsViewController.swift; path = ../GroupSettingsViewController.swift; sourceTree = "<group>"; };
		7F0666421E37BC00003167AC /* GroupsViewController.swift */ = {isa = PBXFileReference; fileEncoding = 4; lastKnownFileType = sourcecode.swift; name = GroupsViewController.swift; path = ../GroupsViewController.swift; sourceTree = "<group>"; };
		7F0666431E37BC00003167AC /* ProfileViewController.swift */ = {isa = PBXFileReference; fileEncoding = 4; lastKnownFileType = sourcecode.swift; name = ProfileViewController.swift; path = ../ProfileViewController.swift; sourceTree = "<group>"; };
		7F0666441E37BC00003167AC /* PasswordRecoveryViewController.swift */ = {isa = PBXFileReference; fileEncoding = 4; lastKnownFileType = sourcecode.swift; name = PasswordRecoveryViewController.swift; path = ../PasswordRecoveryViewController.swift; sourceTree = "<group>"; };
		7F0666451E37BC00003167AC /* ProfileSettingsViewController.swift */ = {isa = PBXFileReference; fileEncoding = 4; lastKnownFileType = sourcecode.swift; name = ProfileSettingsViewController.swift; path = ../ProfileSettingsViewController.swift; sourceTree = "<group>"; };
		7F0666461E37BC00003167AC /* Main.storyboard */ = {isa = PBXFileReference; fileEncoding = 4; lastKnownFileType = file.storyboard; name = Main.storyboard; path = ../Main.storyboard; sourceTree = "<group>"; };
		7F0666471E37BC00003167AC /* Assets.xcassets */ = {isa = PBXFileReference; lastKnownFileType = folder.assetcatalog; name = Assets.xcassets; path = ../Assets.xcassets; sourceTree = "<group>"; };
		AD3B25361E3BE5E2006B92AC /* Group.swift */ = {isa = PBXFileReference; fileEncoding = 4; lastKnownFileType = sourcecode.swift; path = Group.swift; sourceTree = SOURCE_ROOT; };
		ADC7B3C01E43CA8900F9ADFC /* FeedNavigationViewController.swift */ = {isa = PBXFileReference; fileEncoding = 4; lastKnownFileType = sourcecode.swift; path = FeedNavigationViewController.swift; sourceTree = SOURCE_ROOT; };
		ADCF80CE1E451B9900047FE0 /* User.swift */ = {isa = PBXFileReference; fileEncoding = 4; lastKnownFileType = sourcecode.swift; path = User.swift; sourceTree = SOURCE_ROOT; };
		ADCF80D01E451EFE00047FE0 /* Post.swift */ = {isa = PBXFileReference; fileEncoding = 4; lastKnownFileType = sourcecode.swift; path = Post.swift; sourceTree = SOURCE_ROOT; };
/* End PBXFileReference section */

/* Begin PBXFrameworksBuildPhase section */
		7F0666041E37BAAD003167AC /* Frameworks */ = {
			isa = PBXFrameworksBuildPhase;
			buildActionMask = 2147483647;
			files = (
			);
			runOnlyForDeploymentPostprocessing = 0;
		};
		7F0666181E37BAAD003167AC /* Frameworks */ = {
			isa = PBXFrameworksBuildPhase;
			buildActionMask = 2147483647;
			files = (
			);
			runOnlyForDeploymentPostprocessing = 0;
		};
		7F0666231E37BAAD003167AC /* Frameworks */ = {
			isa = PBXFrameworksBuildPhase;
			buildActionMask = 2147483647;
			files = (
			);
			runOnlyForDeploymentPostprocessing = 0;
		};
/* End PBXFrameworksBuildPhase section */

/* Begin PBXGroup section */
		7F0665FE1E37BAAD003167AC = {
			isa = PBXGroup;
			children = (
				7F0666091E37BAAD003167AC /* Flokk */,
				7F06661E1E37BAAD003167AC /* FlokkTests */,
				7F0666291E37BAAD003167AC /* FlokkUITests */,
				7F0666081E37BAAD003167AC /* Products */,
				7F0666381E37BBFF003167AC /* Flokk-Bridging-Header.h */,
			);
			sourceTree = "<group>";
		};
		7F0666081E37BAAD003167AC /* Products */ = {
			isa = PBXGroup;
			children = (
				7F0666071E37BAAD003167AC /* Flokk.app */,
				7F06661B1E37BAAD003167AC /* FlokkTests.xctest */,
				7F0666261E37BAAD003167AC /* FlokkUITests.xctest */,
			);
			name = Products;
			sourceTree = "<group>";
		};
		7F0666091E37BAAD003167AC /* Flokk */ = {
			isa = PBXGroup;
			children = (
				7F0666391E37BC00003167AC /* AppDelegate.swift */,
				7F06663B1E37BC00003167AC /* TestViewViewController.swift */,
				7F06663C1E37BC00003167AC /* LoginViewController.swift */,
				7F06663D1E37BC00003167AC /* SignUpViewController.swift */,
				7F06663E1E37BC00003167AC /* GroupProfileViewController.swift */,
				7F0666421E37BC00003167AC /* GroupsViewController.swift */,
				7F06663F1E37BC00003167AC /* FeedViewController.swift */,
				ADC7B3C01E43CA8900F9ADFC /* FeedNavigationViewController.swift */,
				7F0666401E37BC00003167AC /* CreateGroupViewController.swift */,
				7F0666411E37BC00003167AC /* GroupSettingsViewController.swift */,
				7F0666431E37BC00003167AC /* ProfileViewController.swift */,
				7F0666441E37BC00003167AC /* PasswordRecoveryViewController.swift */,
				7F0666451E37BC00003167AC /* ProfileSettingsViewController.swift */,
				AD3B25361E3BE5E2006B92AC /* Group.swift */,
				ADCF80CE1E451B9900047FE0 /* User.swift */,
				ADCF80D01E451EFE00047FE0 /* Post.swift */,
				7F0666461E37BC00003167AC /* Main.storyboard */,
				7F0666471E37BC00003167AC /* Assets.xcassets */,
				7F0666131E37BAAD003167AC /* LaunchScreen.storyboard */,
				7F0666161E37BAAD003167AC /* Info.plist */,
			);
			path = Flokk;
			sourceTree = "<group>";
		};
		7F06661E1E37BAAD003167AC /* FlokkTests */ = {
			isa = PBXGroup;
			children = (
				7F06661F1E37BAAD003167AC /* FlokkTests.swift */,
				7F0666211E37BAAD003167AC /* Info.plist */,
			);
			path = FlokkTests;
			sourceTree = "<group>";
		};
		7F0666291E37BAAD003167AC /* FlokkUITests */ = {
			isa = PBXGroup;
			children = (
				7F06662A1E37BAAD003167AC /* FlokkUITests.swift */,
				7F06662C1E37BAAD003167AC /* Info.plist */,
			);
			path = FlokkUITests;
			sourceTree = "<group>";
		};
/* End PBXGroup section */

/* Begin PBXNativeTarget section */
		7F0666061E37BAAD003167AC /* Flokk */ = {
			isa = PBXNativeTarget;
			buildConfigurationList = 7F06662F1E37BAAD003167AC /* Build configuration list for PBXNativeTarget "Flokk" */;
			buildPhases = (
				7F0666031E37BAAD003167AC /* Sources */,
				7F0666041E37BAAD003167AC /* Frameworks */,
				7F0666051E37BAAD003167AC /* Resources */,
			);
			buildRules = (
			);
			dependencies = (
			);
			name = Flokk;
			productName = Flokk;
			productReference = 7F0666071E37BAAD003167AC /* Flokk.app */;
			productType = "com.apple.product-type.application";
		};
		7F06661A1E37BAAD003167AC /* FlokkTests */ = {
			isa = PBXNativeTarget;
			buildConfigurationList = 7F0666321E37BAAD003167AC /* Build configuration list for PBXNativeTarget "FlokkTests" */;
			buildPhases = (
				7F0666171E37BAAD003167AC /* Sources */,
				7F0666181E37BAAD003167AC /* Frameworks */,
				7F0666191E37BAAD003167AC /* Resources */,
			);
			buildRules = (
			);
			dependencies = (
				7F06661D1E37BAAD003167AC /* PBXTargetDependency */,
			);
			name = FlokkTests;
			productName = FlokkTests;
			productReference = 7F06661B1E37BAAD003167AC /* FlokkTests.xctest */;
			productType = "com.apple.product-type.bundle.unit-test";
		};
		7F0666251E37BAAD003167AC /* FlokkUITests */ = {
			isa = PBXNativeTarget;
			buildConfigurationList = 7F0666351E37BAAD003167AC /* Build configuration list for PBXNativeTarget "FlokkUITests" */;
			buildPhases = (
				7F0666221E37BAAD003167AC /* Sources */,
				7F0666231E37BAAD003167AC /* Frameworks */,
				7F0666241E37BAAD003167AC /* Resources */,
			);
			buildRules = (
			);
			dependencies = (
				7F0666281E37BAAD003167AC /* PBXTargetDependency */,
			);
			name = FlokkUITests;
			productName = FlokkUITests;
			productReference = 7F0666261E37BAAD003167AC /* FlokkUITests.xctest */;
			productType = "com.apple.product-type.bundle.ui-testing";
		};
/* End PBXNativeTarget section */

/* Begin PBXProject section */
		7F0665FF1E37BAAD003167AC /* Project object */ = {
			isa = PBXProject;
			attributes = {
				LastSwiftUpdateCheck = 0820;
				LastUpgradeCheck = 0820;
				ORGANIZATIONNAME = "Heyen Enterprises";
				TargetAttributes = {
					7F0666061E37BAAD003167AC = {
						CreatedOnToolsVersion = 8.2.1;
						DevelopmentTeam = XT8KNR7TY2;
						LastSwiftMigration = 0820;
						ProvisioningStyle = Automatic;
					};
					7F06661A1E37BAAD003167AC = {
						CreatedOnToolsVersion = 8.2.1;
						ProvisioningStyle = Automatic;
						TestTargetID = 7F0666061E37BAAD003167AC;
					};
					7F0666251E37BAAD003167AC = {
						CreatedOnToolsVersion = 8.2.1;
						ProvisioningStyle = Automatic;
						TestTargetID = 7F0666061E37BAAD003167AC;
					};
				};
			};
			buildConfigurationList = 7F0666021E37BAAD003167AC /* Build configuration list for PBXProject "Flokk" */;
			compatibilityVersion = "Xcode 3.2";
			developmentRegion = English;
			hasScannedForEncodings = 0;
			knownRegions = (
				en,
				Base,
			);
			mainGroup = 7F0665FE1E37BAAD003167AC;
			productRefGroup = 7F0666081E37BAAD003167AC /* Products */;
			projectDirPath = "";
			projectRoot = "";
			targets = (
				7F0666061E37BAAD003167AC /* Flokk */,
				7F06661A1E37BAAD003167AC /* FlokkTests */,
				7F0666251E37BAAD003167AC /* FlokkUITests */,
			);
		};
/* End PBXProject section */

/* Begin PBXResourcesBuildPhase section */
		7F0666051E37BAAD003167AC /* Resources */ = {
			isa = PBXResourcesBuildPhase;
			buildActionMask = 2147483647;
			files = (
				7F0666151E37BAAD003167AC /* LaunchScreen.storyboard in Resources */,
				7F0666561E37BC00003167AC /* Assets.xcassets in Resources */,
				7F0666551E37BC00003167AC /* Main.storyboard in Resources */,
			);
			runOnlyForDeploymentPostprocessing = 0;
		};
		7F0666191E37BAAD003167AC /* Resources */ = {
			isa = PBXResourcesBuildPhase;
			buildActionMask = 2147483647;
			files = (
			);
			runOnlyForDeploymentPostprocessing = 0;
		};
		7F0666241E37BAAD003167AC /* Resources */ = {
			isa = PBXResourcesBuildPhase;
			buildActionMask = 2147483647;
			files = (
			);
			runOnlyForDeploymentPostprocessing = 0;
		};
/* End PBXResourcesBuildPhase section */

/* Begin PBXSourcesBuildPhase section */
		7F0666031E37BAAD003167AC /* Sources */ = {
			isa = PBXSourcesBuildPhase;
			buildActionMask = 2147483647;
			files = (
				7F06664D1E37BC00003167AC /* GroupProfileViewController.swift in Sources */,
				7F06664B1E37BC00003167AC /* LoginViewController.swift in Sources */,
				7F06664F1E37BC00003167AC /* CreateGroupViewController.swift in Sources */,
				7F0666501E37BC00003167AC /* GroupSettingsViewController.swift in Sources */,
				ADCF80CF1E451B9900047FE0 /* User.swift in Sources */,
				7F0666541E37BC00003167AC /* ProfileSettingsViewController.swift in Sources */,
				7F0666511E37BC00003167AC /* GroupsViewController.swift in Sources */,
				7F06664A1E37BC00003167AC /* TestViewViewController.swift in Sources */,
				7F0666521E37BC00003167AC /* ProfileViewController.swift in Sources */,
				AD3B25371E3BE5E2006B92AC /* Group.swift in Sources */,
				ADC7B3C11E43CA8900F9ADFC /* FeedNavigationViewController.swift in Sources */,
				ADCF80D11E451EFE00047FE0 /* Post.swift in Sources */,
				7F0666531E37BC00003167AC /* PasswordRecoveryViewController.swift in Sources */,
				7F0666481E37BC00003167AC /* AppDelegate.swift in Sources */,
				7F06664C1E37BC00003167AC /* SignUpViewController.swift in Sources */,
				7F06664E1E37BC00003167AC /* FeedViewController.swift in Sources */,
			);
			runOnlyForDeploymentPostprocessing = 0;
		};
		7F0666171E37BAAD003167AC /* Sources */ = {
			isa = PBXSourcesBuildPhase;
			buildActionMask = 2147483647;
			files = (
				7F0666201E37BAAD003167AC /* FlokkTests.swift in Sources */,
			);
			runOnlyForDeploymentPostprocessing = 0;
		};
		7F0666221E37BAAD003167AC /* Sources */ = {
			isa = PBXSourcesBuildPhase;
			buildActionMask = 2147483647;
			files = (
				7F06662B1E37BAAD003167AC /* FlokkUITests.swift in Sources */,
			);
			runOnlyForDeploymentPostprocessing = 0;
		};
/* End PBXSourcesBuildPhase section */

/* Begin PBXTargetDependency section */
		7F06661D1E37BAAD003167AC /* PBXTargetDependency */ = {
			isa = PBXTargetDependency;
			target = 7F0666061E37BAAD003167AC /* Flokk */;
			targetProxy = 7F06661C1E37BAAD003167AC /* PBXContainerItemProxy */;
		};
		7F0666281E37BAAD003167AC /* PBXTargetDependency */ = {
			isa = PBXTargetDependency;
			target = 7F0666061E37BAAD003167AC /* Flokk */;
			targetProxy = 7F0666271E37BAAD003167AC /* PBXContainerItemProxy */;
		};
/* End PBXTargetDependency section */

/* Begin PBXVariantGroup section */
		7F0666131E37BAAD003167AC /* LaunchScreen.storyboard */ = {
			isa = PBXVariantGroup;
			children = (
				7F0666141E37BAAD003167AC /* Base */,
			);
			name = LaunchScreen.storyboard;
			sourceTree = "<group>";
		};
/* End PBXVariantGroup section */

/* Begin XCBuildConfiguration section */
		7F06662D1E37BAAD003167AC /* Debug */ = {
			isa = XCBuildConfiguration;
			buildSettings = {
				ALWAYS_SEARCH_USER_PATHS = NO;
				CLANG_ANALYZER_NONNULL = YES;
				CLANG_CXX_LANGUAGE_STANDARD = "gnu++0x";
				CLANG_CXX_LIBRARY = "libc++";
				CLANG_ENABLE_MODULES = YES;
				CLANG_ENABLE_OBJC_ARC = YES;
				CLANG_WARN_BOOL_CONVERSION = YES;
				CLANG_WARN_CONSTANT_CONVERSION = YES;
				CLANG_WARN_DIRECT_OBJC_ISA_USAGE = YES_ERROR;
				CLANG_WARN_DOCUMENTATION_COMMENTS = YES;
				CLANG_WARN_EMPTY_BODY = YES;
				CLANG_WARN_ENUM_CONVERSION = YES;
				CLANG_WARN_INFINITE_RECURSION = YES;
				CLANG_WARN_INT_CONVERSION = YES;
				CLANG_WARN_OBJC_ROOT_CLASS = YES_ERROR;
				CLANG_WARN_SUSPICIOUS_MOVE = YES;
				CLANG_WARN_UNREACHABLE_CODE = YES;
				CLANG_WARN__DUPLICATE_METHOD_MATCH = YES;
				"CODE_SIGN_IDENTITY[sdk=iphoneos*]" = "iPhone Developer";
				COPY_PHASE_STRIP = NO;
				DEBUG_INFORMATION_FORMAT = dwarf;
				ENABLE_STRICT_OBJC_MSGSEND = YES;
				ENABLE_TESTABILITY = YES;
				GCC_C_LANGUAGE_STANDARD = gnu99;
				GCC_DYNAMIC_NO_PIC = NO;
				GCC_NO_COMMON_BLOCKS = YES;
				GCC_OPTIMIZATION_LEVEL = 0;
				GCC_PREPROCESSOR_DEFINITIONS = (
					"DEBUG=1",
					"$(inherited)",
				);
				GCC_WARN_64_TO_32_BIT_CONVERSION = YES;
				GCC_WARN_ABOUT_RETURN_TYPE = YES_ERROR;
				GCC_WARN_UNDECLARED_SELECTOR = YES;
				GCC_WARN_UNINITIALIZED_AUTOS = YES_AGGRESSIVE;
				GCC_WARN_UNUSED_FUNCTION = YES;
				GCC_WARN_UNUSED_VARIABLE = YES;
				IPHONEOS_DEPLOYMENT_TARGET = 10.2;
				MTL_ENABLE_DEBUG_INFO = YES;
				ONLY_ACTIVE_ARCH = YES;
				SDKROOT = iphoneos;
				SWIFT_ACTIVE_COMPILATION_CONDITIONS = DEBUG;
				SWIFT_OPTIMIZATION_LEVEL = "-Onone";
			};
			name = Debug;
		};
		7F06662E1E37BAAD003167AC /* Release */ = {
			isa = XCBuildConfiguration;
			buildSettings = {
				ALWAYS_SEARCH_USER_PATHS = NO;
				CLANG_ANALYZER_NONNULL = YES;
				CLANG_CXX_LANGUAGE_STANDARD = "gnu++0x";
				CLANG_CXX_LIBRARY = "libc++";
				CLANG_ENABLE_MODULES = YES;
				CLANG_ENABLE_OBJC_ARC = YES;
				CLANG_WARN_BOOL_CONVERSION = YES;
				CLANG_WARN_CONSTANT_CONVERSION = YES;
				CLANG_WARN_DIRECT_OBJC_ISA_USAGE = YES_ERROR;
				CLANG_WARN_DOCUMENTATION_COMMENTS = YES;
				CLANG_WARN_EMPTY_BODY = YES;
				CLANG_WARN_ENUM_CONVERSION = YES;
				CLANG_WARN_INFINITE_RECURSION = YES;
				CLANG_WARN_INT_CONVERSION = YES;
				CLANG_WARN_OBJC_ROOT_CLASS = YES_ERROR;
				CLANG_WARN_SUSPICIOUS_MOVE = YES;
				CLANG_WARN_UNREACHABLE_CODE = YES;
				CLANG_WARN__DUPLICATE_METHOD_MATCH = YES;
				"CODE_SIGN_IDENTITY[sdk=iphoneos*]" = "iPhone Developer";
				COPY_PHASE_STRIP = NO;
				DEBUG_INFORMATION_FORMAT = "dwarf-with-dsym";
				ENABLE_NS_ASSERTIONS = NO;
				ENABLE_STRICT_OBJC_MSGSEND = YES;
				GCC_C_LANGUAGE_STANDARD = gnu99;
				GCC_NO_COMMON_BLOCKS = YES;
				GCC_WARN_64_TO_32_BIT_CONVERSION = YES;
				GCC_WARN_ABOUT_RETURN_TYPE = YES_ERROR;
				GCC_WARN_UNDECLARED_SELECTOR = YES;
				GCC_WARN_UNINITIALIZED_AUTOS = YES_AGGRESSIVE;
				GCC_WARN_UNUSED_FUNCTION = YES;
				GCC_WARN_UNUSED_VARIABLE = YES;
				IPHONEOS_DEPLOYMENT_TARGET = 10.2;
				MTL_ENABLE_DEBUG_INFO = NO;
				SDKROOT = iphoneos;
				SWIFT_OPTIMIZATION_LEVEL = "-Owholemodule";
				VALIDATE_PRODUCT = YES;
			};
			name = Release;
		};
		7F0666301E37BAAD003167AC /* Debug */ = {
			isa = XCBuildConfiguration;
			buildSettings = {
				ASSETCATALOG_COMPILER_APPICON_NAME = AppIcon;
				CLANG_ENABLE_MODULES = YES;
				DEVELOPMENT_TEAM = XT8KNR7TY2;
				INFOPLIST_FILE = Flokk/Info.plist;
				LD_RUNPATH_SEARCH_PATHS = "$(inherited) @executable_path/Frameworks";
				PRODUCT_BUNDLE_IDENTIFIER = com.whattheflokk;
				PRODUCT_NAME = "$(TARGET_NAME)";
				SWIFT_OBJC_BRIDGING_HEADER = "Flokk-Bridging-Header.h";
				SWIFT_OPTIMIZATION_LEVEL = "-Onone";
				SWIFT_VERSION = 3.0;
			};
			name = Debug;
		};
		7F0666311E37BAAD003167AC /* Release */ = {
			isa = XCBuildConfiguration;
			buildSettings = {
				ASSETCATALOG_COMPILER_APPICON_NAME = AppIcon;
				CLANG_ENABLE_MODULES = YES;
				DEVELOPMENT_TEAM = XT8KNR7TY2;
				INFOPLIST_FILE = Flokk/Info.plist;
				LD_RUNPATH_SEARCH_PATHS = "$(inherited) @executable_path/Frameworks";
				PRODUCT_BUNDLE_IDENTIFIER = com.whattheflokk;
				PRODUCT_NAME = "$(TARGET_NAME)";
				SWIFT_OBJC_BRIDGING_HEADER = "Flokk-Bridging-Header.h";
				SWIFT_VERSION = 3.0;
			};
			name = Release;
		};
		7F0666331E37BAAD003167AC /* Debug */ = {
			isa = XCBuildConfiguration;
			buildSettings = {
				ALWAYS_EMBED_SWIFT_STANDARD_LIBRARIES = YES;
				BUNDLE_LOADER = "$(TEST_HOST)";
				INFOPLIST_FILE = FlokkTests/Info.plist;
				LD_RUNPATH_SEARCH_PATHS = "$(inherited) @executable_path/Frameworks @loader_path/Frameworks";
				PRODUCT_BUNDLE_IDENTIFIER = com.jaredheyen.FlokkTests;
				PRODUCT_NAME = "$(TARGET_NAME)";
				SWIFT_VERSION = 3.0;
				TEST_HOST = "$(BUILT_PRODUCTS_DIR)/Flokk.app/Flokk";
			};
			name = Debug;
		};
		7F0666341E37BAAD003167AC /* Release */ = {
			isa = XCBuildConfiguration;
			buildSettings = {
				ALWAYS_EMBED_SWIFT_STANDARD_LIBRARIES = YES;
				BUNDLE_LOADER = "$(TEST_HOST)";
				INFOPLIST_FILE = FlokkTests/Info.plist;
				LD_RUNPATH_SEARCH_PATHS = "$(inherited) @executable_path/Frameworks @loader_path/Frameworks";
				PRODUCT_BUNDLE_IDENTIFIER = com.jaredheyen.FlokkTests;
				PRODUCT_NAME = "$(TARGET_NAME)";
				SWIFT_VERSION = 3.0;
				TEST_HOST = "$(BUILT_PRODUCTS_DIR)/Flokk.app/Flokk";
			};
			name = Release;
		};
		7F0666361E37BAAD003167AC /* Debug */ = {
			isa = XCBuildConfiguration;
			buildSettings = {
				ALWAYS_EMBED_SWIFT_STANDARD_LIBRARIES = YES;
				INFOPLIST_FILE = FlokkUITests/Info.plist;
				LD_RUNPATH_SEARCH_PATHS = "$(inherited) @executable_path/Frameworks @loader_path/Frameworks";
				PRODUCT_BUNDLE_IDENTIFIER = com.jaredheyen.FlokkUITests;
				PRODUCT_NAME = "$(TARGET_NAME)";
				SWIFT_VERSION = 3.0;
				TEST_TARGET_NAME = Flokk;
			};
			name = Debug;
		};
		7F0666371E37BAAD003167AC /* Release */ = {
			isa = XCBuildConfiguration;
			buildSettings = {
				ALWAYS_EMBED_SWIFT_STANDARD_LIBRARIES = YES;
				INFOPLIST_FILE = FlokkUITests/Info.plist;
				LD_RUNPATH_SEARCH_PATHS = "$(inherited) @executable_path/Frameworks @loader_path/Frameworks";
				PRODUCT_BUNDLE_IDENTIFIER = com.jaredheyen.FlokkUITests;
				PRODUCT_NAME = "$(TARGET_NAME)";
				SWIFT_VERSION = 3.0;
				TEST_TARGET_NAME = Flokk;
			};
			name = Release;
		};
/* End XCBuildConfiguration section */

/* Begin XCConfigurationList section */
		7F0666021E37BAAD003167AC /* Build configuration list for PBXProject "Flokk" */ = {
			isa = XCConfigurationList;
			buildConfigurations = (
				7F06662D1E37BAAD003167AC /* Debug */,
				7F06662E1E37BAAD003167AC /* Release */,
			);
			defaultConfigurationIsVisible = 0;
			defaultConfigurationName = Release;
		};
		7F06662F1E37BAAD003167AC /* Build configuration list for PBXNativeTarget "Flokk" */ = {
			isa = XCConfigurationList;
			buildConfigurations = (
				7F0666301E37BAAD003167AC /* Debug */,
				7F0666311E37BAAD003167AC /* Release */,
			);
			defaultConfigurationIsVisible = 0;
			defaultConfigurationName = Release;
		};
		7F0666321E37BAAD003167AC /* Build configuration list for PBXNativeTarget "FlokkTests" */ = {
			isa = XCConfigurationList;
			buildConfigurations = (
				7F0666331E37BAAD003167AC /* Debug */,
				7F0666341E37BAAD003167AC /* Release */,
			);
			defaultConfigurationIsVisible = 0;
			defaultConfigurationName = Release;
		};
		7F0666351E37BAAD003167AC /* Build configuration list for PBXNativeTarget "FlokkUITests" */ = {
			isa = XCConfigurationList;
			buildConfigurations = (
				7F0666361E37BAAD003167AC /* Debug */,
				7F0666371E37BAAD003167AC /* Release */,
			);
			defaultConfigurationIsVisible = 0;
			defaultConfigurationName = Release;
		};
/* End XCConfigurationList section */
	};
	rootObject = 7F0665FF1E37BAAD003167AC /* Project object */;
}
